
Microsoft Visual Studio Solution File, Format Version 12.00
# Visual Studio Version 17
VisualStudioVersion = 17.5.33516.290
MinimumVisualStudioVersion = 10.0.40219.1
Project("{8BC9CEB8-8B4A-11D0-8D11-00A0C91BC942}") = "ProgrammingWindows_Petzold", "ProgrammingWindows_Petzold.vcxproj", "{950CCEC5-3C98-45FD-B8F5-1D209DFEFEAA}"
EndProject
Global
	GlobalSection(SolutionConfigurationPlatforms) = preSolution
		Debug|x64 = Debug|x64
		Debug|x86 = Debug|x86
		Release|x64 = Release|x64
		Release|x86 = Release|x86
	EndGlobalSection
	GlobalSection(ProjectConfigurationPlatforms) = postSolution
		{950CCEC5-3C98-45FD-B8F5-1D209DFEFEAA}.Debug|x64.ActiveCfg = Debug|x64
		{950CCEC5-3C98-45FD-B8F5-1D209DFEFEAA}.Debug|x64.Build.0 = Debug|x64
		{950CCEC5-3C98-45FD-B8F5-1D209DFEFEAA}.Debug|x86.ActiveCfg = Debug|Win32
		{950CCEC5-3C98-45FD-B8F5-1D209DFEFEAA}.Debug|x86.Build.0 = Debug|Win32
		{950CCEC5-3C98-45FD-B8F5-1D209DFEFEAA}.Release|x64.ActiveCfg = Release|x64
		{950CCEC5-3C98-45FD-B8F5-1D209DFEFEAA}.Release|x64.Build.0 = Release|x64
		{950CCEC5-3C98-45FD-B8F5-1D209DFEFEAA}.Release|x86.ActiveCfg = Release|Win32
		{950CCEC5-3C98-45FD-B8F5-1D209DFEFEAA}.Release|x86.Build.0 = Release|Win32
	EndGlobalSection
	GlobalSection(SolutionProperties) = preSolution
		HideSolutionNode = FALSE
	EndGlobalSection
	GlobalSection(ExtensibilityGlobals) = postSolution
		SolutionGuid = {9B4A4B4F-18E8-4D5F-B50D-61179E1B6BE6}
	EndGlobalSection
EndGlobal
